
Microsoft Visual Studio Solution File, Format Version 12.00
# Visual Studio Version 17
VisualStudioVersion = 17.8.34408.163
MinimumVisualStudioVersion = 10.0.40219.1
Project("{FAE04EC0-301F-11D3-BF4B-00C04F79EFBC}") = "Mstestproject", "Mstestproject\Mstestproject.csproj", "{7CD65FD2-1DB5-4E0A-AEC0-E953DCCFAB09}"
EndProject
Project("{FAE04EC0-301F-11D3-BF4B-00C04F79EFBC}") = "MstestprojectTests", "MstestprojectTests\MstestprojectTests.csproj", "{93C426BE-365E-49B5-A132-81B0AD9E5B20}"
EndProject
Global
	GlobalSection(SolutionConfigurationPlatforms) = preSolution
		Debug|Any CPU = Debug|Any CPU
		Release|Any CPU = Release|Any CPU
	EndGlobalSection
	GlobalSection(ProjectConfigurationPlatforms) = postSolution
		{7CD65FD2-1DB5-4E0A-AEC0-E953DCCFAB09}.Debug|Any CPU.ActiveCfg = Debug|Any CPU
		{7CD65FD2-1DB5-4E0A-AEC0-E953DCCFAB09}.Debug|Any CPU.Build.0 = Debug|Any CPU
		{7CD65FD2-1DB5-4E0A-AEC0-E953DCCFAB09}.Release|Any CPU.ActiveCfg = Release|Any CPU
		{7CD65FD2-1DB5-4E0A-AEC0-E953DCCFAB09}.Release|Any CPU.Build.0 = Release|Any CPU
		{93C426BE-365E-49B5-A132-81B0AD9E5B20}.Debug|Any CPU.ActiveCfg = Debug|Any CPU
		{93C426BE-365E-49B5-A132-81B0AD9E5B20}.Debug|Any CPU.Build.0 = Debug|Any CPU
		{93C426BE-365E-49B5-A132-81B0AD9E5B20}.Release|Any CPU.ActiveCfg = Release|Any CPU
		{93C426BE-365E-49B5-A132-81B0AD9E5B20}.Release|Any CPU.Build.0 = Release|Any CPU
	EndGlobalSection
	GlobalSection(SolutionProperties) = preSolution
		HideSolutionNode = FALSE
	EndGlobalSection
	GlobalSection(ExtensibilityGlobals) = postSolution
		SolutionGuid = {A0A36A7D-26E7-4BB6-8D93-239B9D46E2D7}
	EndGlobalSection
EndGlobal
